
Microsoft Visual Studio Solution File, Format Version 12.00
# Visual Studio Version 16
VisualStudioVersion = 16.0.30503.244
MinimumVisualStudioVersion = 10.0.40219.1
Project("{FAE04EC0-301F-11D3-BF4B-00C04F79EFBC}") = "Cars", "Cars\Cars.csproj", "{086F581B-B612-4976-A052-E64DFB81EB42}"
EndProject
Global
	GlobalSection(SolutionConfigurationPlatforms) = preSolution
		Debug|Any CPU = Debug|Any CPU
		Release|Any CPU = Release|Any CPU
	EndGlobalSection
	GlobalSection(ProjectConfigurationPlatforms) = postSolution
		{086F581B-B612-4976-A052-E64DFB81EB42}.Debug|Any CPU.ActiveCfg = Debug|Any CPU
		{086F581B-B612-4976-A052-E64DFB81EB42}.Debug|Any CPU.Build.0 = Debug|Any CPU
		{086F581B-B612-4976-A052-E64DFB81EB42}.Release|Any CPU.ActiveCfg = Release|Any CPU
		{086F581B-B612-4976-A052-E64DFB81EB42}.Release|Any CPU.Build.0 = Release|Any CPU
	EndGlobalSection
	GlobalSection(SolutionProperties) = preSolution
		HideSolutionNode = FALSE
	EndGlobalSection
	GlobalSection(ExtensibilityGlobals) = postSolution
		SolutionGuid = {55E5B190-9C7A-4CBD-88DD-169AF004804A}
	EndGlobalSection
EndGlobal
